// !$*UTF8*$!
{
	archiveVersion = 1;
	classes = {
	};
	objectVersion = 46;
	objects = {

/* Begin PBXBuildFile section */
		61493A481D24ABE800375DB4 /* main.m in Sources */ = {isa = PBXBuildFile; fileRef = 61493A471D24ABE800375DB4 /* main.m */; };
		61493A4B1D24ABE800375DB4 /* AppDelegate.m in Sources */ = {isa = PBXBuildFile; fileRef = 61493A4A1D24ABE800375DB4 /* AppDelegate.m */; };
		61493A4E1D24ABE800375DB4 /* ViewController.m in Sources */ = {isa = PBXBuildFile; fileRef = 61493A4D1D24ABE800375DB4 /* ViewController.m */; };
		61493A511D24ABE800375DB4 /* Main.storyboard in Resources */ = {isa = PBXBuildFile; fileRef = 61493A4F1D24ABE800375DB4 /* Main.storyboard */; };
		61493A531D24ABE800375DB4 /* Assets.xcassets in Resources */ = {isa = PBXBuildFile; fileRef = 61493A521D24ABE800375DB4 /* Assets.xcassets */; };
		61493A561D24ABE800375DB4 /* LaunchScreen.storyboard in Resources */ = {isa = PBXBuildFile; fileRef = 61493A541D24ABE800375DB4 /* LaunchScreen.storyboard */; };
		61493A601D24AC2700375DB4 /* MyCollectionViewCell.m in Sources */ = {isa = PBXBuildFile; fileRef = 61493A5E1D24AC2700375DB4 /* MyCollectionViewCell.m */; };
		61493A611D24AC2700375DB4 /* MyCollectionViewCell.xib in Resources */ = {isa = PBXBuildFile; fileRef = 61493A5F1D24AC2700375DB4 /* MyCollectionViewCell.xib */; };
		61493A641D24B3AF00375DB4 /* WaterLayout.m in Sources */ = {isa = PBXBuildFile; fileRef = 61493A631D24B3AF00375DB4 /* WaterLayout.m */; };
		61594CCB1D24EF8800D31F69 /* UIView+ChangeFrameValue.m in Sources */ = {isa = PBXBuildFile; fileRef = 61594CCA1D24EF8800D31F69 /* UIView+ChangeFrameValue.m */; };
		61594CCE1D24EFF700D31F69 /* LineFlowLayout.m in Sources */ = {isa = PBXBuildFile; fileRef = 61594CCD1D24EFF700D31F69 /* LineFlowLayout.m */; };
		61594CD31D24F30800D31F69 /* DetailsViewController.m in Sources */ = {isa = PBXBuildFile; fileRef = 61594CD21D24F30800D31F69 /* DetailsViewController.m */; };
/* End PBXBuildFile section */

/* Begin PBXFileReference section */
		61493A431D24ABE800375DB4 /* WaterFallLayout2.app */ = {isa = PBXFileReference; explicitFileType = wrapper.application; includeInIndex = 0; path = WaterFallLayout2.app; sourceTree = BUILT_PRODUCTS_DIR; };
		61493A471D24ABE800375DB4 /* main.m */ = {isa = PBXFileReference; lastKnownFileType = sourcecode.c.objc; path = main.m; sourceTree = "<group>"; };
		61493A491D24ABE800375DB4 /* AppDelegate.h */ = {isa = PBXFileReference; lastKnownFileType = sourcecode.c.h; path = AppDelegate.h; sourceTree = "<group>"; };
		61493A4A1D24ABE800375DB4 /* AppDelegate.m */ = {isa = PBXFileReference; lastKnownFileType = sourcecode.c.objc; path = AppDelegate.m; sourceTree = "<group>"; };
		61493A4C1D24ABE800375DB4 /* ViewController.h */ = {isa = PBXFileReference; lastKnownFileType = sourcecode.c.h; path = ViewController.h; sourceTree = "<group>"; };
		61493A4D1D24ABE800375DB4 /* ViewController.m */ = {isa = PBXFileReference; lastKnownFileType = sourcecode.c.objc; path = ViewController.m; sourceTree = "<group>"; };
		61493A501D24ABE800375DB4 /* Base */ = {isa = PBXFileReference; lastKnownFileType = file.storyboard; name = Base; path = Base.lproj/Main.storyboard; sourceTree = "<group>"; };
		61493A521D24ABE800375DB4 /* Assets.xcassets */ = {isa = PBXFileReference; lastKnownFileType = folder.assetcatalog; path = Assets.xcassets; sourceTree = "<group>"; };
		61493A551D24ABE800375DB4 /* Base */ = {isa = PBXFileReference; lastKnownFileType = file.storyboard; name = Base; path = Base.lproj/LaunchScreen.storyboard; sourceTree = "<group>"; };
		61493A571D24ABE800375DB4 /* Info.plist */ = {isa = PBXFileReference; lastKnownFileType = text.plist.xml; path = Info.plist; sourceTree = "<group>"; };
		61493A5D1D24AC2700375DB4 /* MyCollectionViewCell.h */ = {isa = PBXFileReference; fileEncoding = 4; lastKnownFileType = sourcecode.c.h; path = MyCollectionViewCell.h; sourceTree = "<group>"; };
		61493A5E1D24AC2700375DB4 /* MyCollectionViewCell.m */ = {isa = PBXFileReference; fileEncoding = 4; lastKnownFileType = sourcecode.c.objc; path = MyCollectionViewCell.m; sourceTree = "<group>"; };
		61493A5F1D24AC2700375DB4 /* MyCollectionViewCell.xib */ = {isa = PBXFileReference; fileEncoding = 4; lastKnownFileType = file.xib; path = MyCollectionViewCell.xib; sourceTree = "<group>"; };
		61493A621D24B3AF00375DB4 /* WaterLayout.h */ = {isa = PBXFileReference; fileEncoding = 4; lastKnownFileType = sourcecode.c.h; path = WaterLayout.h; sourceTree = "<group>"; };
		61493A631D24B3AF00375DB4 /* WaterLayout.m */ = {isa = PBXFileReference; fileEncoding = 4; lastKnownFileType = sourcecode.c.objc; path = WaterLayout.m; sourceTree = "<group>"; };
		61594CC91D24EF8800D31F69 /* UIView+ChangeFrameValue.h */ = {isa = PBXFileReference; fileEncoding = 4; lastKnownFileType = sourcecode.c.h; path = "UIView+ChangeFrameValue.h"; sourceTree = "<group>"; };
		61594CCA1D24EF8800D31F69 /* UIView+ChangeFrameValue.m */ = {isa = PBXFileReference; fileEncoding = 4; lastKnownFileType = sourcecode.c.objc; path = "UIView+ChangeFrameValue.m"; sourceTree = "<group>"; };
		61594CCC1D24EFF700D31F69 /* LineFlowLayout.h */ = {isa = PBXFileReference; fileEncoding = 4; lastKnownFileType = sourcecode.c.h; path = LineFlowLayout.h; sourceTree = "<group>"; };
		61594CCD1D24EFF700D31F69 /* LineFlowLayout.m */ = {isa = PBXFileReference; fileEncoding = 4; lastKnownFileType = sourcecode.c.objc; path = LineFlowLayout.m; sourceTree = "<group>"; };
		61594CD11D24F30800D31F69 /* DetailsViewController.h */ = {isa = PBXFileReference; fileEncoding = 4; lastKnownFileType = sourcecode.c.h; path = DetailsViewController.h; sourceTree = "<group>"; };
		61594CD21D24F30800D31F69 /* DetailsViewController.m */ = {isa = PBXFileReference; fileEncoding = 4; lastKnownFileType = sourcecode.c.objc; path = DetailsViewController.m; sourceTree = "<group>"; };
/* End PBXFileReference section */

/* Begin PBXFrameworksBuildPhase section */
		61493A401D24ABE800375DB4 /* Frameworks */ = {
			isa = PBXFrameworksBuildPhase;
			buildActionMask = 2147483647;
			files = (
			);
			runOnlyForDeploymentPostprocessing = 0;
		};
/* End PBXFrameworksBuildPhase section */

/* Begin PBXGroup section */
		61493A3A1D24ABE800375DB4 = {
			isa = PBXGroup;
			children = (
				61493A451D24ABE800375DB4 /* WaterFallLayout2 */,
				61493A441D24ABE800375DB4 /* Products */,
			);
			sourceTree = "<group>";
		};
		61493A441D24ABE800375DB4 /* Products */ = {
			isa = PBXGroup;
			children = (
				61493A431D24ABE800375DB4 /* WaterFallLayout2.app */,
			);
			name = Products;
			sourceTree = "<group>";
		};
		61493A451D24ABE800375DB4 /* WaterFallLayout2 */ = {
			isa = PBXGroup;
			children = (
				61594CD41D24F33200D31F69 /* cell */,
				61594CD01D24F2CA00D31F69 /* 线性布局 */,
				61594CCF1D24F2B200D31F69 /* 瀑布流布局 */,
				61493A491D24ABE800375DB4 /* AppDelegate.h */,
				61493A4A1D24ABE800375DB4 /* AppDelegate.m */,
				61493A4C1D24ABE800375DB4 /* ViewController.h */,
				61493A4D1D24ABE800375DB4 /* ViewController.m */,
				61594CD11D24F30800D31F69 /* DetailsViewController.h */,
				61594CD21D24F30800D31F69 /* DetailsViewController.m */,
				61493A4F1D24ABE800375DB4 /* Main.storyboard */,
				61493A521D24ABE800375DB4 /* Assets.xcassets */,
				61493A541D24ABE800375DB4 /* LaunchScreen.storyboard */,
				61493A571D24ABE800375DB4 /* Info.plist */,
				61493A461D24ABE800375DB4 /* Supporting Files */,
			);
			path = WaterFallLayout2;
			sourceTree = "<group>";
		};
		61493A461D24ABE800375DB4 /* Supporting Files */ = {
			isa = PBXGroup;
			children = (
				61493A471D24ABE800375DB4 /* main.m */,
			);
			name = "Supporting Files";
			sourceTree = "<group>";
		};
		61594CCF1D24F2B200D31F69 /* 瀑布流布局 */ = {
			isa = PBXGroup;
			children = (
				61493A621D24B3AF00375DB4 /* WaterLayout.h */,
				61493A631D24B3AF00375DB4 /* WaterLayout.m */,
			);
			name = "瀑布流布局";
			sourceTree = "<group>";
		};
		61594CD01D24F2CA00D31F69 /* 线性布局 */ = {
			isa = PBXGroup;
			children = (
				61594CC91D24EF8800D31F69 /* UIView+ChangeFrameValue.h */,
				61594CCA1D24EF8800D31F69 /* UIView+ChangeFrameValue.m */,
				61594CCC1D24EFF700D31F69 /* LineFlowLayout.h */,
				61594CCD1D24EFF700D31F69 /* LineFlowLayout.m */,
			);
			name = "线性布局";
			sourceTree = "<group>";
		};
		61594CD41D24F33200D31F69 /* cell */ = {
			isa = PBXGroup;
			children = (
				61493A5D1D24AC2700375DB4 /* MyCollectionViewCell.h */,
				61493A5E1D24AC2700375DB4 /* MyCollectionViewCell.m */,
				61493A5F1D24AC2700375DB4 /* MyCollectionViewCell.xib */,
			);
			name = cell;
			sourceTree = "<group>";
		};
/* End PBXGroup section */

/* Begin PBXNativeTarget section */
		61493A421D24ABE800375DB4 /* WaterFallLayout2 */ = {
			isa = PBXNativeTarget;
			buildConfigurationList = 61493A5A1D24ABE800375DB4 /* Build configuration list for PBXNativeTarget "WaterFallLayout2" */;
			buildPhases = (
				61493A3F1D24ABE800375DB4 /* Sources */,
				61493A401D24ABE800375DB4 /* Frameworks */,
				61493A411D24ABE800375DB4 /* Resources */,
			);
			buildRules = (
			);
			dependencies = (
			);
			name = WaterFallLayout2;
			productName = WaterFallLayout2;
			productReference = 61493A431D24ABE800375DB4 /* WaterFallLayout2.app */;
			productType = "com.apple.product-type.application";
		};
/* End PBXNativeTarget section */

/* Begin PBXProject section */
		61493A3B1D24ABE800375DB4 /* Project object */ = {
			isa = PBXProject;
			attributes = {
				LastUpgradeCheck = 0730;
				ORGANIZATIONNAME = zhengbing;
				TargetAttributes = {
					61493A421D24ABE800375DB4 = {
						CreatedOnToolsVersion = 7.3.1;
						DevelopmentTeam = RU8K5UHX9W;
					};
				};
			};
			buildConfigurationList = 61493A3E1D24ABE800375DB4 /* Build configuration list for PBXProject "WaterFallLayout2" */;
			compatibilityVersion = "Xcode 3.2";
			developmentRegion = English;
			hasScannedForEncodings = 0;
			knownRegions = (
				en,
				Base,
			);
			mainGroup = 61493A3A1D24ABE800375DB4;
			productRefGroup = 61493A441D24ABE800375DB4 /* Products */;
			projectDirPath = "";
			projectRoot = "";
			targets = (
				61493A421D24ABE800375DB4 /* WaterFallLayout2 */,
			);
		};
/* End PBXProject section */

/* Begin PBXResourcesBuildPhase section */
		61493A411D24ABE800375DB4 /* Resources */ = {
			isa = PBXResourcesBuildPhase;
			buildActionMask = 2147483647;
			files = (
				61493A561D24ABE800375DB4 /* LaunchScreen.storyboard in Resources */,
				61493A531D24ABE800375DB4 /* Assets.xcassets in Resources */,
				61493A611D24AC2700375DB4 /* MyCollectionViewCell.xib in Resources */,
				61493A511D24ABE800375DB4 /* Main.storyboard in Resources */,
			);
			runOnlyForDeploymentPostprocessing = 0;
		};
/* End PBXResourcesBuildPhase section */

/* Begin PBXSourcesBuildPhase section */
		61493A3F1D24ABE800375DB4 /* Sources */ = {
			isa = PBXSourcesBuildPhase;
			buildActionMask = 2147483647;
			files = (
				61493A4E1D24ABE800375DB4 /* ViewController.m in Sources */,
				61493A4B1D24ABE800375DB4 /* AppDelegate.m in Sources */,
				61594CCE1D24EFF700D31F69 /* LineFlowLayout.m in Sources */,
				61594CCB1D24EF8800D31F69 /* UIView+ChangeFrameValue.m in Sources */,
				61493A641D24B3AF00375DB4 /* WaterLayout.m in Sources */,
				61493A601D24AC2700375DB4 /* MyCollectionViewCell.m in Sources */,
				61493A481D24ABE800375DB4 /* main.m in Sources */,
				61594CD31D24F30800D31F69 /* DetailsViewController.m in Sources */,
			);
			runOnlyForDeploymentPostprocessing = 0;
		};
/* End PBXSourcesBuildPhase section */

/* Begin PBXVariantGroup section */
		61493A4F1D24ABE800375DB4 /* Main.storyboard */ = {
			isa = PBXVariantGroup;
			children = (
				61493A501D24ABE800375DB4 /* Base */,
			);
			name = Main.storyboard;
			sourceTree = "<group>";
		};
		61493A541D24ABE800375DB4 /* LaunchScreen.storyboard */ = {
			isa = PBXVariantGroup;
			children = (
				61493A551D24ABE800375DB4 /* Base */,
			);
			name = LaunchScreen.storyboard;
			sourceTree = "<group>";
		};
/* End PBXVariantGroup section */

/* Begin XCBuildConfiguration section */
		61493A581D24ABE800375DB4 /* Debug */ = {
			isa = XCBuildConfiguration;
			buildSettings = {
				ALWAYS_SEARCH_USER_PATHS = NO;
				CLANG_ANALYZER_NONNULL = YES;
				CLANG_CXX_LANGUAGE_STANDARD = "gnu++0x";
				CLANG_CXX_LIBRARY = "libc++";
				CLANG_ENABLE_MODULES = YES;
				CLANG_ENABLE_OBJC_ARC = YES;
				CLANG_WARN_BOOL_CONVERSION = YES;
				CLANG_WARN_CONSTANT_CONVERSION = YES;
				CLANG_WARN_DIRECT_OBJC_ISA_USAGE = YES_ERROR;
				CLANG_WARN_EMPTY_BODY = YES;
				CLANG_WARN_ENUM_CONVERSION = YES;
				CLANG_WARN_INT_CONVERSION = YES;
				CLANG_WARN_OBJC_ROOT_CLASS = YES_ERROR;
				CLANG_WARN_UNREACHABLE_CODE = YES;
				CLANG_WARN__DUPLICATE_METHOD_MATCH = YES;
				"CODE_SIGN_IDENTITY[sdk=iphoneos*]" = "iPhone Developer";
				COPY_PHASE_STRIP = NO;
				DEBUG_INFORMATION_FORMAT = dwarf;
				ENABLE_STRICT_OBJC_MSGSEND = YES;
				ENABLE_TESTABILITY = YES;
				GCC_C_LANGUAGE_STANDARD = gnu99;
				GCC_DYNAMIC_NO_PIC = NO;
				GCC_NO_COMMON_BLOCKS = YES;
				GCC_OPTIMIZATION_LEVEL = 0;
				GCC_PREPROCESSOR_DEFINITIONS = (
					"DEBUG=1",
					"$(inherited)",
				);
				GCC_WARN_64_TO_32_BIT_CONVERSION = YES;
				GCC_WARN_ABOUT_RETURN_TYPE = YES_ERROR;
				GCC_WARN_UNDECLARED_SELECTOR = YES;
				GCC_WARN_UNINITIALIZED_AUTOS = YES_AGGRESSIVE;
				GCC_WARN_UNUSED_FUNCTION = YES;
				GCC_WARN_UNUSED_VARIABLE = YES;
				IPHONEOS_DEPLOYMENT_TARGET = 9.3;
				MTL_ENABLE_DEBUG_INFO = YES;
				ONLY_ACTIVE_ARCH = YES;
				SDKROOT = iphoneos;
			};
			name = Debug;
		};
		61493A591D24ABE800375DB4 /* Release */ = {
			isa = XCBuildConfiguration;
			buildSettings = {
				ALWAYS_SEARCH_USER_PATHS = NO;
				CLANG_ANALYZER_NONNULL = YES;
				CLANG_CXX_LANGUAGE_STANDARD = "gnu++0x";
				CLANG_CXX_LIBRARY = "libc++";
				CLANG_ENABLE_MODULES = YES;
				CLANG_ENABLE_OBJC_ARC = YES;
				CLANG_WARN_BOOL_CONVERSION = YES;
				CLANG_WARN_CONSTANT_CONVERSION = YES;
				CLANG_WARN_DIRECT_OBJC_ISA_USAGE = YES_ERROR;
				CLANG_WARN_EMPTY_BODY = YES;
				CLANG_WARN_ENUM_CONVERSION = YES;
				CLANG_WARN_INT_CONVERSION = YES;
				CLANG_WARN_OBJC_ROOT_CLASS = YES_ERROR;
				CLANG_WARN_UNREACHABLE_CODE = YES;
				CLANG_WARN__DUPLICATE_METHOD_MATCH = YES;
				"CODE_SIGN_IDENTITY[sdk=iphoneos*]" = "iPhone Developer";
				COPY_PHASE_STRIP = NO;
				DEBUG_INFORMATION_FORMAT = "dwarf-with-dsym";
				ENABLE_NS_ASSERTIONS = NO;
				ENABLE_STRICT_OBJC_MSGSEND = YES;
				GCC_C_LANGUAGE_STANDARD = gnu99;
				GCC_NO_COMMON_BLOCKS = YES;
				GCC_WARN_64_TO_32_BIT_CONVERSION = YES;
				GCC_WARN_ABOUT_RETURN_TYPE = YES_ERROR;
				GCC_WARN_UNDECLARED_SELECTOR = YES;
				GCC_WARN_UNINITIALIZED_AUTOS = YES_AGGRESSIVE;
				GCC_WARN_UNUSED_FUNCTION = YES;
				GCC_WARN_UNUSED_VARIABLE = YES;
				IPHONEOS_DEPLOYMENT_TARGET = 9.3;
				MTL_ENABLE_DEBUG_INFO = NO;
				SDKROOT = iphoneos;
				VALIDATE_PRODUCT = YES;
			};
			name = Release;
		};
		61493A5B1D24ABE800375DB4 /* Debug */ = {
			isa = XCBuildConfiguration;
			buildSettings = {
				ASSETCATALOG_COMPILER_APPICON_NAME = AppIcon;
				GCC_PREFIX_HEADER = "";
				INFOPLIST_FILE = WaterFallLayout2/Info.plist;
				LD_RUNPATH_SEARCH_PATHS = "$(inherited) @executable_path/Frameworks";
				PRODUCT_BUNDLE_IDENTIFIER = zhengbing.WaterFallLayout2;
				PRODUCT_NAME = "$(TARGET_NAME)";
			};
			name = Debug;
		};
		61493A5C1D24ABE800375DB4 /* Release */ = {
			isa = XCBuildConfiguration;
			buildSettings = {
				ASSETCATALOG_COMPILER_APPICON_NAME = AppIcon;
				GCC_PREFIX_HEADER = "";
				INFOPLIST_FILE = WaterFallLayout2/Info.plist;
				LD_RUNPATH_SEARCH_PATHS = "$(inherited) @executable_path/Frameworks";
				PRODUCT_BUNDLE_IDENTIFIER = zhengbing.WaterFallLayout2;
				PRODUCT_NAME = "$(TARGET_NAME)";
			};
			name = Release;
		};
/* End XCBuildConfiguration section */

/* Begin XCConfigurationList section */
		61493A3E1D24ABE800375DB4 /* Build configuration list for PBXProject "WaterFallLayout2" */ = {
			isa = XCConfigurationList;
			buildConfigurations = (
				61493A581D24ABE800375DB4 /* Debug */,
				61493A591D24ABE800375DB4 /* Release */,
			);
			defaultConfigurationIsVisible = 0;
			defaultConfigurationName = Release;
		};
		61493A5A1D24ABE800375DB4 /* Build configuration list for PBXNativeTarget "WaterFallLayout2" */ = {
			isa = XCConfigurationList;
			buildConfigurations = (
				61493A5B1D24ABE800375DB4 /* Debug */,
				61493A5C1D24ABE800375DB4 /* Release */,
			);
			defaultConfigurationIsVisible = 0;
			defaultConfigurationName = Release;
		};
/* End XCConfigurationList section */
	};
	rootObject = 61493A3B1D24ABE800375DB4 /* Project object */;
}
